{
  "nodes": {
    "mergify-cli": {
      "flake": false,
      "locked": {
        "lastModified": 1791381842,
        "narHash": "sha256-vqZDj8EDKDlk9fqpOElitSr2NM5L5juUBPOUltyeEAg=",
        "owner": "Mergifyio",
        "repo": "mergify-cli",
        "rev": "b77dc4b12609a3c5b524ca9c26d128dfd42bed35",
        "type": "github"
      },
      "original": {
        "owner": "Mergifyio",
        "repo": "mergify-cli",
        "type": "github"
      }
    },
    "nixpkgs": {
      "locked": {
        "lastModified": 1791336361,
        "narHash": "sha256-o9ZUW4SlEAvFPIyJWnqChhOT/VHpHg8TAvEgmqK1fSI=",
        "owner": "NixOS",
        "repo": "nixpkgs",
        "rev": "7dd199b0e2993e37b4775ed66b1c291699608c9f",
        "type": "github"
      },
      "original": {
        "owner": "NixOS",
        "ref": "nixpkgs-unstable",
        "repo": "nixpkgs",
        "type": "github"
      }
    },
    "root": {
      "inputs": {
        "mergify-cli": "mergify-cli",
        "nixpkgs": "nixpkgs",
        "rust-overlay": "rust-overlay"
      }
    },
    "rust-overlay": {
      "inputs": {
        "nixpkgs": [
          "nixpkgs"
        ]
      },
      "locked": {
        "lastModified": 1791361643,
        "narHash": "sha256-HMdfSb1ONHs1RbSkQtCXm+tWEsTikisWWtXDnv0aQ+I=",
        "owner": "oxalica",
        "repo": "rust-overlay",
        "rev": "8afee9fa8caa877a4feb65adc33e8d72f3747dc9",
        "type": "github"
      },
      "original": {
        "owner": "oxalica",
        "repo": "rust-overlay",
        "type": "github"
      }
    }
  },
  "root": "root",
  "version": 7
}
